{
  "nodes": {
    "ash-emacs": {
      "inputs": {
        "emacs-overlay": "emacs-overlay",
        "flake-utils": "flake-utils",
        "nixos": "nixos"
      },
      "locked": {
        "lastModified": 1602893670,
        "narHash": "sha256-MGt4r0IKG2TavOasFV/5kFlXCpYKatOUIA38Kaco0nQ=",
        "owner": "LEXUGE",
        "repo": "emacs.d",
        "rev": "3577add78f25e87ac21cc330c11bdfb22dde35bd",
        "type": "github"
      },
      "original": {
        "owner": "LEXUGE",
        "repo": "emacs.d",
        "type": "github"
      }
    },
    "emacs-overlay": {
      "locked": {
        "lastModified": 1602880352,
        "narHash": "sha256-TwDgDAOU9Zz6qdzP6sYpfFr//s/wPPbPb7phiLq/et8=",
        "owner": "nix-community",
        "repo": "emacs-overlay",
        "rev": "92ba64e520238c52c2961f7ad7be9c93a53687be",
        "type": "github"
      },
      "original": {
        "owner": "nix-community",
        "repo": "emacs-overlay",
        "type": "github"
      }
    },
    "flake-utils": {
      "locked": {
        "lastModified": 1601282935,
        "narHash": "sha256-WQAFV6sGGQxrRs3a+/Yj9xUYvhTpukQJIcMbIi7LCJ4=",
        "owner": "numtide",
        "repo": "flake-utils",
        "rev": "588973065fce51f4763287f0fda87a174d78bf48",
        "type": "github"
      },
      "original": {
        "owner": "numtide",
        "repo": "flake-utils",
        "type": "github"
      }
    },
    "flake-utils_2": {
      "locked": {
        "lastModified": 1601282935,
        "narHash": "sha256-WQAFV6sGGQxrRs3a+/Yj9xUYvhTpukQJIcMbIi7LCJ4=",
        "owner": "numtide",
        "repo": "flake-utils",
        "rev": "588973065fce51f4763287f0fda87a174d78bf48",
        "type": "github"
      },
      "original": {
        "owner": "numtide",
        "repo": "flake-utils",
        "type": "github"
      }
    },
    "flake-utils_3": {
      "locked": {
        "lastModified": 1601282935,
        "narHash": "sha256-WQAFV6sGGQxrRs3a+/Yj9xUYvhTpukQJIcMbIi7LCJ4=",
        "owner": "numtide",
        "repo": "flake-utils",
        "rev": "588973065fce51f4763287f0fda87a174d78bf48",
        "type": "github"
      },
      "original": {
        "owner": "numtide",
        "repo": "flake-utils",
        "type": "github"
      }
    },
    "home": {
      "inputs": {
        "nixpkgs": [
          "nixos"
        ]
      },
      "locked": {
        "lastModified": 1602535872,
        "narHash": "sha256-5dnSqYNzwuL2tiQfSFCbX97Hfl4Lf6q4nghQBwm9pD8=",
        "owner": "nix-community",
        "repo": "home-manager",
        "rev": "e7d5531cfa770afc591f8dc5542eb4fba9962885",
        "type": "github"
      },
      "original": {
        "owner": "nix-community",
        "repo": "home-manager",
        "type": "github"
      }
    },
    "iceberg": {
      "inputs": {
        "flake-utils": "flake-utils_2",
        "nixos": "nixos_2"
      },
      "locked": {
        "lastModified": 1602902168,
        "narHash": "sha256-xevE+O7fegq60gsWdQN3EwtkMaISCcHGWKS10qq2NjU=",
        "owner": "icebox-nix",
        "repo": "iceberg",
        "rev": "ac7303517f16857de8bc1176a93cdf6c3c215318",
        "type": "github"
      },
      "original": {
        "owner": "icebox-nix",
        "repo": "iceberg",
        "type": "github"
      }
    },
    "netkit": {
      "inputs": {
        "flake-utils": "flake-utils_3",
        "nixos": [
          "nixos"
        ]
      },
      "locked": {
        "lastModified": 1602768450,
        "narHash": "sha256-bwt0SCbCGgPUFZSDGzxw06vAHOJdhEb95H9j3EvG1zg=",
        "owner": "icebox-nix",
        "repo": "netkit.nix",
        "rev": "9669a079e822a46937706cc1fc4eef1d54f3183c",
        "type": "github"
      },
      "original": {
        "owner": "icebox-nix",
        "repo": "netkit.nix",
        "type": "github"
      }
    },
    "nixos": {
      "locked": {
        "lastModified": 1602425900,
        "narHash": "sha256-Ixb5QOYXVq/vkkPdc7Yl7mk5bcYlfjTx3/vnkFr/has=",
        "owner": "NixOS",
        "repo": "nixpkgs",
        "rev": "24c9b05ac53e422f1af81a156f1fd58499eb27fb",
        "type": "github"
      },
      "original": {
        "owner": "NixOS",
        "ref": "nixos-unstable",
        "repo": "nixpkgs",
        "type": "github"
      }
    },
    "nixos_2": {
      "locked": {
        "lastModified": 1602425900,
        "narHash": "sha256-Ixb5QOYXVq/vkkPdc7Yl7mk5bcYlfjTx3/vnkFr/has=",
        "owner": "NixOS",
        "repo": "nixpkgs",
        "rev": "24c9b05ac53e422f1af81a156f1fd58499eb27fb",
        "type": "github"
      },
      "original": {
        "owner": "NixOS",
        "ref": "nixos-unstable",
        "repo": "nixpkgs",
        "type": "github"
      }
    },
    "nixos_3": {
      "locked": {
        "lastModified": 1602425900,
        "narHash": "sha256-Ixb5QOYXVq/vkkPdc7Yl7mk5bcYlfjTx3/vnkFr/has=",
        "owner": "NixOS",
        "repo": "nixpkgs",
        "rev": "24c9b05ac53e422f1af81a156f1fd58499eb27fb",
        "type": "github"
      },
      "original": {
        "owner": "NixOS",
        "ref": "nixos-unstable",
        "repo": "nixpkgs",
        "type": "github"
      }
    },
    "root": {
      "inputs": {
        "ash-emacs": "ash-emacs",
        "home": "home",
        "iceberg": "iceberg",
        "netkit": "netkit",
        "nixos": "nixos_3",
        "std": "std"
      }
    },
    "std": {
      "locked": {
        "lastModified": 1602140592,
        "narHash": "sha256-XRFv8L7axOuFf2pCsX/YNQ4Y7VwMuhZ8kjbHyNOs0wI=",
        "owner": "icebox-nix",
        "repo": "std",
        "rev": "86d9e8966205afdb940abf46f1f9cff6d03a3f5c",
        "type": "github"
      },
      "original": {
        "owner": "icebox-nix",
        "repo": "std",
        "type": "github"
      }
    }
  },
  "root": "root",
  "version": 7
}
