{
  "nodes": {
    "ash-emacs": {
      "inputs": {
        "emacs-overlay": "emacs-overlay",
        "flake-utils": "flake-utils",
        "nixos": "nixos"
      },
      "locked": {
        "lastModified": 1602078003,
        "narHash": "sha256-j4UxYcbmSdsTtlJzbTwcRYSp6X4HRgWAdr4sIiFDkeI=",
        "owner": "LEXUGE",
        "repo": "emacs.d",
        "rev": "50ab8b1ef630a6cb43e4ee99dd0fa3c5b539a5f6",
        "type": "github"
      },
      "original": {
        "owner": "LEXUGE",
        "repo": "emacs.d",
        "type": "github"
      }
    },
    "emacs-overlay": {
      "locked": {
        "lastModified": 1602073455,
        "narHash": "sha256-S2saiIuFLg6xMZvxHZHGLRLx2fSdZOy+1TFkmNt7l2Y=",
        "owner": "nix-community",
        "repo": "emacs-overlay",
        "rev": "c067b06496a77eb4ae4f0876fb4ca61dc486f058",
        "type": "github"
      },
      "original": {
        "owner": "nix-community",
        "repo": "emacs-overlay",
        "type": "github"
      }
    },
    "flake-utils": {
      "locked": {
        "lastModified": 1601282935,
        "narHash": "sha256-WQAFV6sGGQxrRs3a+/Yj9xUYvhTpukQJIcMbIi7LCJ4=",
        "owner": "numtide",
        "repo": "flake-utils",
        "rev": "588973065fce51f4763287f0fda87a174d78bf48",
        "type": "github"
      },
      "original": {
        "owner": "numtide",
        "repo": "flake-utils",
        "type": "github"
      }
    },
    "flake-utils_2": {
      "locked": {
        "lastModified": 1601282935,
        "narHash": "sha256-WQAFV6sGGQxrRs3a+/Yj9xUYvhTpukQJIcMbIi7LCJ4=",
        "owner": "numtide",
        "repo": "flake-utils",
        "rev": "588973065fce51f4763287f0fda87a174d78bf48",
        "type": "github"
      },
      "original": {
        "owner": "numtide",
        "repo": "flake-utils",
        "type": "github"
      }
    },
    "home": {
      "inputs": {
        "nixpkgs": [
          "nixos"
        ]
      },
      "locked": {
        "lastModified": 1601924802,
        "narHash": "sha256-J2QbHvIa2DcCs9OqRQ+SIrhsHAdVrb9gxlK3/VeVGFA=",
        "owner": "nix-community",
        "repo": "home-manager",
        "rev": "0006da1381b87844c944fe8b925ec864ccf19348",
        "type": "github"
      },
      "original": {
        "owner": "nix-community",
        "repo": "home-manager",
        "type": "github"
      }
    },
    "netkit": {
      "inputs": {
        "flake-utils": "flake-utils_2",
        "nixos": [
          "nixos"
        ]
      },
      "locked": {
        "lastModified": 1601906801,
        "narHash": "sha256-UOLWGKgMavE2zOD0r1f7+sv93ZimYNDwiZRNp55TYI8=",
        "owner": "icebox-nix",
        "repo": "netkit.nix",
        "rev": "441854449e420096cfd1dc8dad318bcc3e9b265b",
        "type": "github"
      },
      "original": {
        "owner": "icebox-nix",
        "repo": "netkit.nix",
        "type": "github"
      }
    },
    "nixos": {
      "locked": {
        "lastModified": 1601171649,
        "narHash": "sha256-G3RUAi2DUq6r3ntASLS+LZC/Eamot55W1+xmBOgEh3M=",
        "owner": "NixOS",
        "repo": "nixpkgs",
        "rev": "84d74ae9c9cbed73274b8e4e00be14688ffc93fe",
        "type": "github"
      },
      "original": {
        "owner": "NixOS",
        "ref": "nixos-unstable",
        "repo": "nixpkgs",
        "type": "github"
      }
    },
    "nixos_2": {
      "locked": {
        "lastModified": 1601171649,
        "narHash": "sha256-G3RUAi2DUq6r3ntASLS+LZC/Eamot55W1+xmBOgEh3M=",
        "owner": "NixOS",
        "repo": "nixpkgs",
        "rev": "84d74ae9c9cbed73274b8e4e00be14688ffc93fe",
        "type": "github"
      },
      "original": {
        "owner": "NixOS",
        "ref": "nixos-unstable",
        "repo": "nixpkgs",
        "type": "github"
      }
    },
    "root": {
      "inputs": {
        "ash-emacs": "ash-emacs",
        "home": "home",
        "netkit": "netkit",
        "nixos": "nixos_2",
        "std": "std"
      }
    },
    "std": {
      "locked": {
        "lastModified": 1601360988,
        "narHash": "sha256-6aVKO2sbsIyW41kDBRFHyRYcUxVsINCALuPGt/ySlIA=",
        "owner": "icebox-nix",
        "repo": "std",
        "rev": "33c72818bab3bb355c25f878c45c03b10b3751b6",
        "type": "github"
      },
      "original": {
        "owner": "icebox-nix",
        "repo": "std",
        "type": "github"
      }
    }
  },
  "root": "root",
  "version": 7
}
