{
  "nodes": {
    "flake-utils": {
      "locked": {
        "lastModified": 1596290160,
        "narHash": "sha256-QNXPeCiLKfLH6G6TtyuxZ14Zm+ZMxBaQ0Klccq+2RfM=",
        "owner": "numtide",
        "repo": "flake-utils",
        "rev": "0c686c77c4ac6f7add3262107685693ada8ae3b0",
        "type": "github"
      },
      "original": {
        "owner": "numtide",
        "repo": "flake-utils",
        "type": "github"
      }
    },
    "home": {
      "inputs": {
        "nixpkgs": [
          "nixos"
        ]
      },
      "locked": {
        "lastModified": 1591751635,
        "narHash": "sha256-KgGtyFlkI/fsp+j8VEgJ/ynY9B91aX35Xp04HlDLRTo=",
        "owner": "rycee",
        "repo": "home-manager",
        "rev": "b3fee796fcd5531693d9b84ece76ad6836bb1cfa",
        "type": "github"
      },
      "original": {
        "owner": "rycee",
        "ref": "bqv-flakes",
        "repo": "home-manager",
        "type": "github"
      }
    },
    "netkit": {
      "inputs": {
        "flake-utils": "flake-utils",
        "nixos": "nixos",
        "std": "std"
      },
      "locked": {
        "lastModified": 1596966416,
        "narHash": "sha256-y6/g92unFXByVeWDtbW0IDzSoX8+ymKiPI5blUDRAOw=",
        "owner": "icebox-nix",
        "repo": "netkit.nix",
        "rev": "70fc9a5cb9e37251258edbf2ad741f064ac2d722",
        "type": "github"
      },
      "original": {
        "owner": "icebox-nix",
        "repo": "netkit.nix",
        "type": "github"
      }
    },
    "nixos": {
      "locked": {
        "lastModified": 1596883819,
        "narHash": "sha256-CDKA9YUD6o/j7VR+ghUiJvbB7G1DRV3M6So237WX3Sw=",
        "owner": "NixOS",
        "repo": "nixpkgs-channels",
        "rev": "b50ef9afa11b384c72f7123ca4760ebc6d199fe8",
        "type": "github"
      },
      "original": {
        "owner": "NixOS",
        "ref": "nixos-unstable",
        "repo": "nixpkgs-channels",
        "type": "github"
      }
    },
    "nixos_2": {
      "locked": {
        "lastModified": 1596470321,
        "narHash": "sha256-Vp4b2ctOj1GcU6xtmV0DGrU9Cb5xWQUW8uIPkUxxM0I=",
        "owner": "NixOS",
        "repo": "nixpkgs",
        "rev": "6e4d33a0019282c1d3c1bcd5c2fb2a0dba43bb46",
        "type": "github"
      },
      "original": {
        "owner": "NixOS",
        "repo": "nixpkgs",
        "rev": "6e4d33a0019282c1d3c1bcd5c2fb2a0dba43bb46",
        "type": "github"
      }
    },
    "root": {
      "inputs": {
        "home": "home",
        "netkit": "netkit",
        "nixos": "nixos_2"
      }
    },
    "std": {
      "locked": {
        "lastModified": 1596888563,
        "narHash": "sha256-nUHh7KgMBcs1dkLHriSrDCSrIVY4FAEWAScyK9+ByeA=",
        "owner": "icebox-nix",
        "repo": "std",
        "rev": "9e04673472db2eb39ab4e94d94561bb0b92ba160",
        "type": "github"
      },
      "original": {
        "owner": "icebox-nix",
        "repo": "std",
        "type": "github"
      }
    }
  },
  "root": "root",
  "version": 7
}
